
Microsoft Visual Studio Solution File, Format Version 12.00
# Visual Studio 2012
Project("{8BC9CEB8-8B4A-11D0-8D11-00A0C91BC942}") = "QSplat PCR", "QSplat PCR\QSplat PCR.vcxproj", "{B12702AD-ABFB-343A-A199-8E24837244A3}"
EndProject
Project("{8BC9CEB8-8B4A-11D0-8D11-00A0C91BC942}") = "Common", "Common\Common.vcxproj", "{55E68990-B376-426D-B190-324F453E75FF}"
EndProject
Project("{8BC9CEB8-8B4A-11D0-8D11-00A0C91BC942}") = "QSplat Preprocessor", "QSplat Preprocessor\QSplat Preprocessor.vcxproj", "{5E7FC641-E02F-4EFC-8380-718CD294A919}"
EndProject
Global
	GlobalSection(SubversionScc) = preSolution
		Svn-Managed = True
		Manager = AnkhSVN - Subversion Support for Visual Studio
	EndGlobalSection
	GlobalSection(SolutionConfigurationPlatforms) = preSolution
		Debug|Mixed Platforms = Debug|Mixed Platforms
		Debug|Win32 = Debug|Win32
		Debug|x64 = Debug|x64
		Release|Mixed Platforms = Release|Mixed Platforms
		Release|Win32 = Release|Win32
		Release|x64 = Release|x64
	EndGlobalSection
	GlobalSection(ProjectConfigurationPlatforms) = postSolution
		{B12702AD-ABFB-343A-A199-8E24837244A3}.Debug|Mixed Platforms.ActiveCfg = Debug|Win32
		{B12702AD-ABFB-343A-A199-8E24837244A3}.Debug|Mixed Platforms.Build.0 = Debug|Win32
		{B12702AD-ABFB-343A-A199-8E24837244A3}.Debug|Win32.ActiveCfg = Debug|Win32
		{B12702AD-ABFB-343A-A199-8E24837244A3}.Debug|Win32.Build.0 = Debug|Win32
		{B12702AD-ABFB-343A-A199-8E24837244A3}.Debug|x64.ActiveCfg = Debug|x64
		{B12702AD-ABFB-343A-A199-8E24837244A3}.Debug|x64.Build.0 = Debug|x64
		{B12702AD-ABFB-343A-A199-8E24837244A3}.Release|Mixed Platforms.ActiveCfg = Release|Win32
		{B12702AD-ABFB-343A-A199-8E24837244A3}.Release|Mixed Platforms.Build.0 = Release|Win32
		{B12702AD-ABFB-343A-A199-8E24837244A3}.Release|Win32.ActiveCfg = Release|Win32
		{B12702AD-ABFB-343A-A199-8E24837244A3}.Release|Win32.Build.0 = Release|Win32
		{B12702AD-ABFB-343A-A199-8E24837244A3}.Release|x64.ActiveCfg = Release|x64
		{B12702AD-ABFB-343A-A199-8E24837244A3}.Release|x64.Build.0 = Release|x64
		{55E68990-B376-426D-B190-324F453E75FF}.Debug|Mixed Platforms.ActiveCfg = Debug|Win32
		{55E68990-B376-426D-B190-324F453E75FF}.Debug|Mixed Platforms.Build.0 = Debug|Win32
		{55E68990-B376-426D-B190-324F453E75FF}.Debug|Win32.ActiveCfg = Debug|Win32
		{55E68990-B376-426D-B190-324F453E75FF}.Debug|Win32.Build.0 = Debug|Win32
		{55E68990-B376-426D-B190-324F453E75FF}.Debug|x64.ActiveCfg = Debug|x64
		{55E68990-B376-426D-B190-324F453E75FF}.Debug|x64.Build.0 = Debug|x64
		{55E68990-B376-426D-B190-324F453E75FF}.Release|Mixed Platforms.ActiveCfg = Release|Win32
		{55E68990-B376-426D-B190-324F453E75FF}.Release|Mixed Platforms.Build.0 = Release|Win32
		{55E68990-B376-426D-B190-324F453E75FF}.Release|Win32.ActiveCfg = Release|Win32
		{55E68990-B376-426D-B190-324F453E75FF}.Release|Win32.Build.0 = Release|Win32
		{55E68990-B376-426D-B190-324F453E75FF}.Release|x64.ActiveCfg = Release|x64
		{55E68990-B376-426D-B190-324F453E75FF}.Release|x64.Build.0 = Release|x64
		{5E7FC641-E02F-4EFC-8380-718CD294A919}.Debug|Mixed Platforms.ActiveCfg = Debug|Win32
		{5E7FC641-E02F-4EFC-8380-718CD294A919}.Debug|Mixed Platforms.Build.0 = Debug|Win32
		{5E7FC641-E02F-4EFC-8380-718CD294A919}.Debug|Win32.ActiveCfg = Debug|Win32
		{5E7FC641-E02F-4EFC-8380-718CD294A919}.Debug|Win32.Build.0 = Debug|Win32
		{5E7FC641-E02F-4EFC-8380-718CD294A919}.Debug|x64.ActiveCfg = Debug|x64
		{5E7FC641-E02F-4EFC-8380-718CD294A919}.Debug|x64.Build.0 = Debug|x64
		{5E7FC641-E02F-4EFC-8380-718CD294A919}.Release|Mixed Platforms.ActiveCfg = Release|Win32
		{5E7FC641-E02F-4EFC-8380-718CD294A919}.Release|Mixed Platforms.Build.0 = Release|Win32
		{5E7FC641-E02F-4EFC-8380-718CD294A919}.Release|Win32.ActiveCfg = Release|Win32
		{5E7FC641-E02F-4EFC-8380-718CD294A919}.Release|Win32.Build.0 = Release|Win32
		{5E7FC641-E02F-4EFC-8380-718CD294A919}.Release|x64.ActiveCfg = Release|x64
		{5E7FC641-E02F-4EFC-8380-718CD294A919}.Release|x64.Build.0 = Release|x64
	EndGlobalSection
	GlobalSection(SolutionProperties) = preSolution
		HideSolutionNode = FALSE
	EndGlobalSection
	GlobalSection(ExtensibilityGlobals) = postSolution
		Qt5Version = $(DefaultQtVersion)
	EndGlobalSection
EndGlobal
